// !$*UTF8*$!
{
	archiveVersion = 1;
	classes = {
	};
	objectVersion = 46;
	objects = {

/* Begin PBXBuildFile section */
		1E7A24C11D3DDDB000EAE392 /* main.m in Sources */ = {isa = PBXBuildFile; fileRef = 1E7A24C01D3DDDB000EAE392 /* main.m */; };
		1E7A24C41D3DDDB000EAE392 /* AppDelegate.m in Sources */ = {isa = PBXBuildFile; fileRef = 1E7A24C31D3DDDB000EAE392 /* AppDelegate.m */; };
		1E7A24C71D3DDDB000EAE392 /* ViewController.m in Sources */ = {isa = PBXBuildFile; fileRef = 1E7A24C61D3DDDB000EAE392 /* ViewController.m */; };
		1E7A24CA1D3DDDB000EAE392 /* Main.storyboard in Resources */ = {isa = PBXBuildFile; fileRef = 1E7A24C81D3DDDB000EAE392 /* Main.storyboard */; };
		1E7A24CC1D3DDDB000EAE392 /* Assets.xcassets in Resources */ = {isa = PBXBuildFile; fileRef = 1E7A24CB1D3DDDB000EAE392 /* Assets.xcassets */; };
		1E7A24CF1D3DDDB000EAE392 /* LaunchScreen.storyboard in Resources */ = {isa = PBXBuildFile; fileRef = 1E7A24CD1D3DDDB000EAE392 /* LaunchScreen.storyboard */; };
		1E9725DF1D75845C0082BD9B /* NSURLSessionUpload.m in Sources */ = {isa = PBXBuildFile; fileRef = 1E9725DD1D75845C0082BD9B /* NSURLSessionUpload.m */; };
		1E9725E01D75845C0082BD9B /* NSURLSessionUpload.xib in Resources */ = {isa = PBXBuildFile; fileRef = 1E9725DE1D75845C0082BD9B /* NSURLSessionUpload.xib */; };
		1E9E1F7F1D420DDD0038E837 /* NSURLConnectionUpload.m in Sources */ = {isa = PBXBuildFile; fileRef = 1E9E1F7D1D420DDD0038E837 /* NSURLConnectionUpload.m */; };
		1E9E1F801D420DDD0038E837 /* NSURLConnectionUpload.xib in Resources */ = {isa = PBXBuildFile; fileRef = 1E9E1F7E1D420DDD0038E837 /* NSURLConnectionUpload.xib */; };
		1E9E1F831D420DFE0038E837 /* QYCreateUploadRequest.m in Sources */ = {isa = PBXBuildFile; fileRef = 1E9E1F821D420DFE0038E837 /* QYCreateUploadRequest.m */; };
		1E9E1F851D450D150038E837 /* qrcode.png in Resources */ = {isa = PBXBuildFile; fileRef = 1E9E1F841D450D150038E837 /* qrcode.png */; };
		1E9E1F871D45C2170038E837 /* qrcode1.png in Resources */ = {isa = PBXBuildFile; fileRef = 1E9E1F861D45C2170038E837 /* qrcode1.png */; };
		1ED0AF121D40E59700A9CB3F /* NSURLConnectionDelegateDownload.m in Sources */ = {isa = PBXBuildFile; fileRef = 1ED0AF101D40E59700A9CB3F /* NSURLConnectionDelegateDownload.m */; };
		1ED0AF131D40E59700A9CB3F /* NSURLConnectionDelegateDownload.xib in Resources */ = {isa = PBXBuildFile; fileRef = 1ED0AF111D40E59700A9CB3F /* NSURLConnectionDelegateDownload.xib */; };
		1ED0AF1A1D40E5C000A9CB3F /* NSURLConnectionDownload.m in Sources */ = {isa = PBXBuildFile; fileRef = 1ED0AF181D40E5C000A9CB3F /* NSURLConnectionDownload.m */; };
		1ED0AF1B1D40E5C000A9CB3F /* NSURLConnectionDownload.xib in Resources */ = {isa = PBXBuildFile; fileRef = 1ED0AF191D40E5C000A9CB3F /* NSURLConnectionDownload.xib */; };
		1ED0AF1F1D40E61E00A9CB3F /* NSURLSessionDownload.m in Sources */ = {isa = PBXBuildFile; fileRef = 1ED0AF1D1D40E61E00A9CB3F /* NSURLSessionDownload.m */; };
		1ED0AF201D40E61E00A9CB3F /* NSURLSessionDownload.xib in Resources */ = {isa = PBXBuildFile; fileRef = 1ED0AF1E1D40E61E00A9CB3F /* NSURLSessionDownload.xib */; };
		1ED0AF241D40E63100A9CB3F /* NSURLSessionDelegateDownload.m in Sources */ = {isa = PBXBuildFile; fileRef = 1ED0AF221D40E63100A9CB3F /* NSURLSessionDelegateDownload.m */; };
		1ED0AF251D40E63100A9CB3F /* NSURLSessionDelegateDownload.xib in Resources */ = {isa = PBXBuildFile; fileRef = 1ED0AF231D40E63100A9CB3F /* NSURLSessionDelegateDownload.xib */; };
		1ED0AF291D40E64600A9CB3F /* AFNetworkingDownload.m in Sources */ = {isa = PBXBuildFile; fileRef = 1ED0AF271D40E64600A9CB3F /* AFNetworkingDownload.m */; };
		1ED0AF2A1D40E64600A9CB3F /* AFNetworkingDownload.xib in Resources */ = {isa = PBXBuildFile; fileRef = 1ED0AF281D40E64600A9CB3F /* AFNetworkingDownload.xib */; };
		1EEF67CA1D463CCD00A64CE2 /* AFNetworkingUpload.m in Sources */ = {isa = PBXBuildFile; fileRef = 1EEF67C81D463CCD00A64CE2 /* AFNetworkingUpload.m */; };
		1EEF67CB1D463CCD00A64CE2 /* AFNetworkingUpload.xib in Resources */ = {isa = PBXBuildFile; fileRef = 1EEF67C91D463CCD00A64CE2 /* AFNetworkingUpload.xib */; };
		88844921D21BC4B7382A94FD /* libPods-QYAsynDownloadDemo.a in Frameworks */ = {isa = PBXBuildFile; fileRef = 520D8B0B46E79D5191143534 /* libPods-QYAsynDownloadDemo.a */; };
/* End PBXBuildFile section */

/* Begin PBXFileReference section */
		17C5B8CEEBC2A81AA2BB8CDF /* Pods-QYAsynDownloadDemo.release.xcconfig */ = {isa = PBXFileReference; includeInIndex = 1; lastKnownFileType = text.xcconfig; name = "Pods-QYAsynDownloadDemo.release.xcconfig"; path = "Pods/Target Support Files/Pods-QYAsynDownloadDemo/Pods-QYAsynDownloadDemo.release.xcconfig"; sourceTree = "<group>"; };
		1E7A24BC1D3DDDB000EAE392 /* QYAsynDownloadDemo.app */ = {isa = PBXFileReference; explicitFileType = wrapper.application; includeInIndex = 0; path = QYAsynDownloadDemo.app; sourceTree = BUILT_PRODUCTS_DIR; };
		1E7A24C01D3DDDB000EAE392 /* main.m */ = {isa = PBXFileReference; lastKnownFileType = sourcecode.c.objc; path = main.m; sourceTree = "<group>"; };
		1E7A24C21D3DDDB000EAE392 /* AppDelegate.h */ = {isa = PBXFileReference; lastKnownFileType = sourcecode.c.h; path = AppDelegate.h; sourceTree = "<group>"; };
		1E7A24C31D3DDDB000EAE392 /* AppDelegate.m */ = {isa = PBXFileReference; lastKnownFileType = sourcecode.c.objc; path = AppDelegate.m; sourceTree = "<group>"; };
		1E7A24C51D3DDDB000EAE392 /* ViewController.h */ = {isa = PBXFileReference; lastKnownFileType = sourcecode.c.h; path = ViewController.h; sourceTree = "<group>"; };
		1E7A24C61D3DDDB000EAE392 /* ViewController.m */ = {isa = PBXFileReference; lastKnownFileType = sourcecode.c.objc; path = ViewController.m; sourceTree = "<group>"; };
		1E7A24C91D3DDDB000EAE392 /* Base */ = {isa = PBXFileReference; lastKnownFileType = file.storyboard; name = Base; path = Base.lproj/Main.storyboard; sourceTree = "<group>"; };
		1E7A24CB1D3DDDB000EAE392 /* Assets.xcassets */ = {isa = PBXFileReference; lastKnownFileType = folder.assetcatalog; path = Assets.xcassets; sourceTree = "<group>"; };
		1E7A24CE1D3DDDB000EAE392 /* Base */ = {isa = PBXFileReference; lastKnownFileType = file.storyboard; name = Base; path = Base.lproj/LaunchScreen.storyboard; sourceTree = "<group>"; };
		1E7A24D01D3DDDB000EAE392 /* Info.plist */ = {isa = PBXFileReference; lastKnownFileType = text.plist.xml; path = Info.plist; sourceTree = "<group>"; };
		1E9725DC1D75845C0082BD9B /* NSURLSessionUpload.h */ = {isa = PBXFileReference; fileEncoding = 4; lastKnownFileType = sourcecode.c.h; path = NSURLSessionUpload.h; sourceTree = "<group>"; };
		1E9725DD1D75845C0082BD9B /* NSURLSessionUpload.m */ = {isa = PBXFileReference; fileEncoding = 4; lastKnownFileType = sourcecode.c.objc; path = NSURLSessionUpload.m; sourceTree = "<group>"; };
		1E9725DE1D75845C0082BD9B /* NSURLSessionUpload.xib */ = {isa = PBXFileReference; fileEncoding = 4; lastKnownFileType = file.xib; path = NSURLSessionUpload.xib; sourceTree = "<group>"; };
		1E9E1F7C1D420DDD0038E837 /* NSURLConnectionUpload.h */ = {isa = PBXFileReference; fileEncoding = 4; lastKnownFileType = sourcecode.c.h; path = NSURLConnectionUpload.h; sourceTree = "<group>"; };
		1E9E1F7D1D420DDD0038E837 /* NSURLConnectionUpload.m */ = {isa = PBXFileReference; fileEncoding = 4; lastKnownFileType = sourcecode.c.objc; path = NSURLConnectionUpload.m; sourceTree = "<group>"; };
		1E9E1F7E1D420DDD0038E837 /* NSURLConnectionUpload.xib */ = {isa = PBXFileReference; fileEncoding = 4; lastKnownFileType = file.xib; path = NSURLConnectionUpload.xib; sourceTree = "<group>"; };
		1E9E1F811D420DFE0038E837 /* QYCreateUploadRequest.h */ = {isa = PBXFileReference; fileEncoding = 4; lastKnownFileType = sourcecode.c.h; path = QYCreateUploadRequest.h; sourceTree = "<group>"; };
		1E9E1F821D420DFE0038E837 /* QYCreateUploadRequest.m */ = {isa = PBXFileReference; fileEncoding = 4; lastKnownFileType = sourcecode.c.objc; path = QYCreateUploadRequest.m; sourceTree = "<group>"; };
		1E9E1F841D450D150038E837 /* qrcode.png */ = {isa = PBXFileReference; lastKnownFileType = image.png; path = qrcode.png; sourceTree = "<group>"; };
		1E9E1F861D45C2170038E837 /* qrcode1.png */ = {isa = PBXFileReference; lastKnownFileType = image.png; path = qrcode1.png; sourceTree = "<group>"; };
		1ED0AF0F1D40E59700A9CB3F /* NSURLConnectionDelegateDownload.h */ = {isa = PBXFileReference; fileEncoding = 4; lastKnownFileType = sourcecode.c.h; path = NSURLConnectionDelegateDownload.h; sourceTree = "<group>"; };
		1ED0AF101D40E59700A9CB3F /* NSURLConnectionDelegateDownload.m */ = {isa = PBXFileReference; fileEncoding = 4; lastKnownFileType = sourcecode.c.objc; path = NSURLConnectionDelegateDownload.m; sourceTree = "<group>"; };
		1ED0AF111D40E59700A9CB3F /* NSURLConnectionDelegateDownload.xib */ = {isa = PBXFileReference; fileEncoding = 4; lastKnownFileType = file.xib; path = NSURLConnectionDelegateDownload.xib; sourceTree = "<group>"; };
		1ED0AF171D40E5C000A9CB3F /* NSURLConnectionDownload.h */ = {isa = PBXFileReference; fileEncoding = 4; lastKnownFileType = sourcecode.c.h; path = NSURLConnectionDownload.h; sourceTree = "<group>"; };
		1ED0AF181D40E5C000A9CB3F /* NSURLConnectionDownload.m */ = {isa = PBXFileReference; fileEncoding = 4; lastKnownFileType = sourcecode.c.objc; path = NSURLConnectionDownload.m; sourceTree = "<group>"; };
		1ED0AF191D40E5C000A9CB3F /* NSURLConnectionDownload.xib */ = {isa = PBXFileReference; fileEncoding = 4; lastKnownFileType = file.xib; path = NSURLConnectionDownload.xib; sourceTree = "<group>"; };
		1ED0AF1C1D40E61E00A9CB3F /* NSURLSessionDownload.h */ = {isa = PBXFileReference; fileEncoding = 4; lastKnownFileType = sourcecode.c.h; path = NSURLSessionDownload.h; sourceTree = "<group>"; };
		1ED0AF1D1D40E61E00A9CB3F /* NSURLSessionDownload.m */ = {isa = PBXFileReference; fileEncoding = 4; lastKnownFileType = sourcecode.c.objc; path = NSURLSessionDownload.m; sourceTree = "<group>"; };
		1ED0AF1E1D40E61E00A9CB3F /* NSURLSessionDownload.xib */ = {isa = PBXFileReference; fileEncoding = 4; lastKnownFileType = file.xib; path = NSURLSessionDownload.xib; sourceTree = "<group>"; };
		1ED0AF211D40E63100A9CB3F /* NSURLSessionDelegateDownload.h */ = {isa = PBXFileReference; fileEncoding = 4; lastKnownFileType = sourcecode.c.h; path = NSURLSessionDelegateDownload.h; sourceTree = "<group>"; };
		1ED0AF221D40E63100A9CB3F /* NSURLSessionDelegateDownload.m */ = {isa = PBXFileReference; fileEncoding = 4; lastKnownFileType = sourcecode.c.objc; path = NSURLSessionDelegateDownload.m; sourceTree = "<group>"; };
		1ED0AF231D40E63100A9CB3F /* NSURLSessionDelegateDownload.xib */ = {isa = PBXFileReference; fileEncoding = 4; lastKnownFileType = file.xib; path = NSURLSessionDelegateDownload.xib; sourceTree = "<group>"; };
		1ED0AF261D40E64600A9CB3F /* AFNetworkingDownload.h */ = {isa = PBXFileReference; fileEncoding = 4; lastKnownFileType = sourcecode.c.h; path = AFNetworkingDownload.h; sourceTree = "<group>"; };
		1ED0AF271D40E64600A9CB3F /* AFNetworkingDownload.m */ = {isa = PBXFileReference; fileEncoding = 4; lastKnownFileType = sourcecode.c.objc; path = AFNetworkingDownload.m; sourceTree = "<group>"; };
		1ED0AF281D40E64600A9CB3F /* AFNetworkingDownload.xib */ = {isa = PBXFileReference; fileEncoding = 4; lastKnownFileType = file.xib; path = AFNetworkingDownload.xib; sourceTree = "<group>"; };
		1ED0AF2B1D40E6B000A9CB3F /* QYAsynDownloadDemo.pch */ = {isa = PBXFileReference; lastKnownFileType = sourcecode.c.h; path = QYAsynDownloadDemo.pch; sourceTree = "<group>"; };
		1EEF67C71D463CCD00A64CE2 /* AFNetworkingUpload.h */ = {isa = PBXFileReference; fileEncoding = 4; lastKnownFileType = sourcecode.c.h; path = AFNetworkingUpload.h; sourceTree = "<group>"; };
		1EEF67C81D463CCD00A64CE2 /* AFNetworkingUpload.m */ = {isa = PBXFileReference; fileEncoding = 4; lastKnownFileType = sourcecode.c.objc; path = AFNetworkingUpload.m; sourceTree = "<group>"; };
		1EEF67C91D463CCD00A64CE2 /* AFNetworkingUpload.xib */ = {isa = PBXFileReference; fileEncoding = 4; lastKnownFileType = file.xib; path = AFNetworkingUpload.xib; sourceTree = "<group>"; };
		520D8B0B46E79D5191143534 /* libPods-QYAsynDownloadDemo.a */ = {isa = PBXFileReference; explicitFileType = archive.ar; includeInIndex = 0; path = "libPods-QYAsynDownloadDemo.a"; sourceTree = BUILT_PRODUCTS_DIR; };
		D9D619A8D13FE75A7C1A71BE /* Pods-QYAsynDownloadDemo.debug.xcconfig */ = {isa = PBXFileReference; includeInIndex = 1; lastKnownFileType = text.xcconfig; name = "Pods-QYAsynDownloadDemo.debug.xcconfig"; path = "Pods/Target Support Files/Pods-QYAsynDownloadDemo/Pods-QYAsynDownloadDemo.debug.xcconfig"; sourceTree = "<group>"; };
/* End PBXFileReference section */

/* Begin PBXFrameworksBuildPhase section */
		1E7A24B91D3DDDB000EAE392 /* Frameworks */ = {
			isa = PBXFrameworksBuildPhase;
			buildActionMask = 2147483647;
			files = (
				88844921D21BC4B7382A94FD /* libPods-QYAsynDownloadDemo.a in Frameworks */,
			);
			runOnlyForDeploymentPostprocessing = 0;
		};
/* End PBXFrameworksBuildPhase section */

/* Begin PBXGroup section */
		15D879242BD38C5CDFA41B87 /* Pods */ = {
			isa = PBXGroup;
			children = (
				D9D619A8D13FE75A7C1A71BE /* Pods-QYAsynDownloadDemo.debug.xcconfig */,
				17C5B8CEEBC2A81AA2BB8CDF /* Pods-QYAsynDownloadDemo.release.xcconfig */,
			);
			name = Pods;
			sourceTree = "<group>";
		};
		1E0463AD1D3F1D7E0084867B /* AFNetworkingDownload */ = {
			isa = PBXGroup;
			children = (
				1ED0AF261D40E64600A9CB3F /* AFNetworkingDownload.h */,
				1ED0AF271D40E64600A9CB3F /* AFNetworkingDownload.m */,
				1ED0AF281D40E64600A9CB3F /* AFNetworkingDownload.xib */,
			);
			path = AFNetworkingDownload;
			sourceTree = "<group>";
		};
		1E0463AE1D3F1DA20084867B /* NSURLConnectionDownload */ = {
			isa = PBXGroup;
			children = (
				1ED0AF171D40E5C000A9CB3F /* NSURLConnectionDownload.h */,
				1ED0AF181D40E5C000A9CB3F /* NSURLConnectionDownload.m */,
				1ED0AF191D40E5C000A9CB3F /* NSURLConnectionDownload.xib */,
				1ED0AF0F1D40E59700A9CB3F /* NSURLConnectionDelegateDownload.h */,
				1ED0AF101D40E59700A9CB3F /* NSURLConnectionDelegateDownload.m */,
				1ED0AF111D40E59700A9CB3F /* NSURLConnectionDelegateDownload.xib */,
			);
			path = NSURLConnectionDownload;
			sourceTree = "<group>";
		};
		1E0463B01D3F83FF0084867B /* NSURLSessionDownload */ = {
			isa = PBXGroup;
			children = (
				1ED0AF1C1D40E61E00A9CB3F /* NSURLSessionDownload.h */,
				1ED0AF1D1D40E61E00A9CB3F /* NSURLSessionDownload.m */,
				1ED0AF1E1D40E61E00A9CB3F /* NSURLSessionDownload.xib */,
				1ED0AF211D40E63100A9CB3F /* NSURLSessionDelegateDownload.h */,
				1ED0AF221D40E63100A9CB3F /* NSURLSessionDelegateDownload.m */,
				1ED0AF231D40E63100A9CB3F /* NSURLSessionDelegateDownload.xib */,
			);
			path = NSURLSessionDownload;
			sourceTree = "<group>";
		};
		1E1B41CB1D6AE68A00894C1D /* AFNetworkingUpload */ = {
			isa = PBXGroup;
			children = (
				1EEF67C71D463CCD00A64CE2 /* AFNetworkingUpload.h */,
				1EEF67C81D463CCD00A64CE2 /* AFNetworkingUpload.m */,
				1EEF67C91D463CCD00A64CE2 /* AFNetworkingUpload.xib */,
			);
			path = AFNetworkingUpload;
			sourceTree = "<group>";
		};
		1E5002D01D6EE18A00FFB7E0 /* NSURLSessionUpload */ = {
			isa = PBXGroup;
			children = (
				1E9725DC1D75845C0082BD9B /* NSURLSessionUpload.h */,
				1E9725DD1D75845C0082BD9B /* NSURLSessionUpload.m */,
				1E9725DE1D75845C0082BD9B /* NSURLSessionUpload.xib */,
			);
			name = NSURLSessionUpload;
			path = NSURLSessionDownload;
			sourceTree = "<group>";
		};
		1E7A24B31D3DDDB000EAE392 = {
			isa = PBXGroup;
			children = (
				1E7A24BE1D3DDDB000EAE392 /* QYAsynDownloadDemo */,
				1E7A24BD1D3DDDB000EAE392 /* Products */,
				15D879242BD38C5CDFA41B87 /* Pods */,
				5C014218597C2ED33835A152 /* Frameworks */,
			);
			sourceTree = "<group>";
		};
		1E7A24BD1D3DDDB000EAE392 /* Products */ = {
			isa = PBXGroup;
			children = (
				1E7A24BC1D3DDDB000EAE392 /* QYAsynDownloadDemo.app */,
			);
			name = Products;
			sourceTree = "<group>";
		};
		1E7A24BE1D3DDDB000EAE392 /* QYAsynDownloadDemo */ = {
			isa = PBXGroup;
			children = (
				1E9E1F811D420DFE0038E837 /* QYCreateUploadRequest.h */,
				1E9E1F821D420DFE0038E837 /* QYCreateUploadRequest.m */,
				1E0463AE1D3F1DA20084867B /* NSURLConnectionDownload */,
				1E9E1F7B1D4206720038E837 /* NSURLConnectionUpload */,
				1E0463B01D3F83FF0084867B /* NSURLSessionDownload */,
				1E5002D01D6EE18A00FFB7E0 /* NSURLSessionUpload */,
				1E0463AD1D3F1D7E0084867B /* AFNetworkingDownload */,
				1E1B41CB1D6AE68A00894C1D /* AFNetworkingUpload */,
				1E7A24C21D3DDDB000EAE392 /* AppDelegate.h */,
				1E7A24C31D3DDDB000EAE392 /* AppDelegate.m */,
				1E7A24C51D3DDDB000EAE392 /* ViewController.h */,
				1E7A24C61D3DDDB000EAE392 /* ViewController.m */,
				1E7A24C81D3DDDB000EAE392 /* Main.storyboard */,
				1E7A24CB1D3DDDB000EAE392 /* Assets.xcassets */,
				1E7A24CD1D3DDDB000EAE392 /* LaunchScreen.storyboard */,
				1E7A24D01D3DDDB000EAE392 /* Info.plist */,
				1E7A24BF1D3DDDB000EAE392 /* Supporting Files */,
			);
			path = QYAsynDownloadDemo;
			sourceTree = "<group>";
		};
		1E7A24BF1D3DDDB000EAE392 /* Supporting Files */ = {
			isa = PBXGroup;
			children = (
				1E9E1F861D45C2170038E837 /* qrcode1.png */,
				1E9E1F841D450D150038E837 /* qrcode.png */,
				1E7A24C01D3DDDB000EAE392 /* main.m */,
				1ED0AF2B1D40E6B000A9CB3F /* QYAsynDownloadDemo.pch */,
			);
			name = "Supporting Files";
			sourceTree = "<group>";
		};
		1E9E1F7B1D4206720038E837 /* NSURLConnectionUpload */ = {
			isa = PBXGroup;
			children = (
				1E9E1F7C1D420DDD0038E837 /* NSURLConnectionUpload.h */,
				1E9E1F7D1D420DDD0038E837 /* NSURLConnectionUpload.m */,
				1E9E1F7E1D420DDD0038E837 /* NSURLConnectionUpload.xib */,
			);
			path = NSURLConnectionUpload;
			sourceTree = "<group>";
		};
		5C014218597C2ED33835A152 /* Frameworks */ = {
			isa = PBXGroup;
			children = (
				520D8B0B46E79D5191143534 /* libPods-QYAsynDownloadDemo.a */,
			);
			name = Frameworks;
			sourceTree = "<group>";
		};
/* End PBXGroup section */

/* Begin PBXNativeTarget section */
		1E7A24BB1D3DDDB000EAE392 /* QYAsynDownloadDemo */ = {
			isa = PBXNativeTarget;
			buildConfigurationList = 1E7A24D31D3DDDB000EAE392 /* Build configuration list for PBXNativeTarget "QYAsynDownloadDemo" */;
			buildPhases = (
				5D26BD802FEB9D9698562C4D /* [CP] Check Pods Manifest.lock */,
				1E7A24B81D3DDDB000EAE392 /* Sources */,
				1E7A24B91D3DDDB000EAE392 /* Frameworks */,
				1E7A24BA1D3DDDB000EAE392 /* Resources */,
				070B68A6DADB184F6F296261 /* [CP] Embed Pods Frameworks */,
				6E029C85DE5C3858E6D0C449 /* [CP] Copy Pods Resources */,
			);
			buildRules = (
			);
			dependencies = (
			);
			name = QYAsynDownloadDemo;
			productName = QYAsynDownloadDemo;
			productReference = 1E7A24BC1D3DDDB000EAE392 /* QYAsynDownloadDemo.app */;
			productType = "com.apple.product-type.application";
		};
/* End PBXNativeTarget section */

/* Begin PBXProject section */
		1E7A24B41D3DDDB000EAE392 /* Project object */ = {
			isa = PBXProject;
			attributes = {
				LastUpgradeCheck = 0730;
				ORGANIZATIONNAME = qianye;
				TargetAttributes = {
					1E7A24BB1D3DDDB000EAE392 = {
						CreatedOnToolsVersion = 7.3.1;
					};
				};
			};
			buildConfigurationList = 1E7A24B71D3DDDB000EAE392 /* Build configuration list for PBXProject "QYAsynDownloadDemo" */;
			compatibilityVersion = "Xcode 3.2";
			developmentRegion = English;
			hasScannedForEncodings = 0;
			knownRegions = (
				en,
				Base,
			);
			mainGroup = 1E7A24B31D3DDDB000EAE392;
			productRefGroup = 1E7A24BD1D3DDDB000EAE392 /* Products */;
			projectDirPath = "";
			projectRoot = "";
			targets = (
				1E7A24BB1D3DDDB000EAE392 /* QYAsynDownloadDemo */,
			);
		};
/* End PBXProject section */

/* Begin PBXResourcesBuildPhase section */
		1E7A24BA1D3DDDB000EAE392 /* Resources */ = {
			isa = PBXResourcesBuildPhase;
			buildActionMask = 2147483647;
			files = (
				1ED0AF251D40E63100A9CB3F /* NSURLSessionDelegateDownload.xib in Resources */,
				1E9E1F871D45C2170038E837 /* qrcode1.png in Resources */,
				1ED0AF131D40E59700A9CB3F /* NSURLConnectionDelegateDownload.xib in Resources */,
				1E7A24CF1D3DDDB000EAE392 /* LaunchScreen.storyboard in Resources */,
				1ED0AF201D40E61E00A9CB3F /* NSURLSessionDownload.xib in Resources */,
				1E7A24CC1D3DDDB000EAE392 /* Assets.xcassets in Resources */,
				1ED0AF2A1D40E64600A9CB3F /* AFNetworkingDownload.xib in Resources */,
				1EEF67CB1D463CCD00A64CE2 /* AFNetworkingUpload.xib in Resources */,
				1E7A24CA1D3DDDB000EAE392 /* Main.storyboard in Resources */,
				1E9725E01D75845C0082BD9B /* NSURLSessionUpload.xib in Resources */,
				1E9E1F851D450D150038E837 /* qrcode.png in Resources */,
				1ED0AF1B1D40E5C000A9CB3F /* NSURLConnectionDownload.xib in Resources */,
				1E9E1F801D420DDD0038E837 /* NSURLConnectionUpload.xib in Resources */,
			);
			runOnlyForDeploymentPostprocessing = 0;
		};
/* End PBXResourcesBuildPhase section */

/* Begin PBXShellScriptBuildPhase section */
		070B68A6DADB184F6F296261 /* [CP] Embed Pods Frameworks */ = {
			isa = PBXShellScriptBuildPhase;
			buildActionMask = 2147483647;
			files = (
			);
			inputPaths = (
			);
			name = "[CP] Embed Pods Frameworks";
			outputPaths = (
			);
			runOnlyForDeploymentPostprocessing = 0;
			shellPath = /bin/sh;
			shellScript = "\"${SRCROOT}/Pods/Target Support Files/Pods-QYAsynDownloadDemo/Pods-QYAsynDownloadDemo-frameworks.sh\"\n";
			showEnvVarsInLog = 0;
		};
		5D26BD802FEB9D9698562C4D /* [CP] Check Pods Manifest.lock */ = {
			isa = PBXShellScriptBuildPhase;
			buildActionMask = 2147483647;
			files = (
			);
			inputPaths = (
			);
			name = "[CP] Check Pods Manifest.lock";
			outputPaths = (
			);
			runOnlyForDeploymentPostprocessing = 0;
			shellPath = /bin/sh;
			shellScript = "diff \"${PODS_ROOT}/../Podfile.lock\" \"${PODS_ROOT}/Manifest.lock\" > /dev/null\nif [[ $? != 0 ]] ; then\n    cat << EOM\nerror: The sandbox is not in sync with the Podfile.lock. Run 'pod install' or update your CocoaPods installation.\nEOM\n    exit 1\nfi\n";
			showEnvVarsInLog = 0;
		};
		6E029C85DE5C3858E6D0C449 /* [CP] Copy Pods Resources */ = {
			isa = PBXShellScriptBuildPhase;
			buildActionMask = 2147483647;
			files = (
			);
			inputPaths = (
			);
			name = "[CP] Copy Pods Resources";
			outputPaths = (
			);
			runOnlyForDeploymentPostprocessing = 0;
			shellPath = /bin/sh;
			shellScript = "\"${SRCROOT}/Pods/Target Support Files/Pods-QYAsynDownloadDemo/Pods-QYAsynDownloadDemo-resources.sh\"\n";
			showEnvVarsInLog = 0;
		};
/* End PBXShellScriptBuildPhase section */

/* Begin PBXSourcesBuildPhase section */
		1E7A24B81D3DDDB000EAE392 /* Sources */ = {
			isa = PBXSourcesBuildPhase;
			buildActionMask = 2147483647;
			files = (
				1ED0AF121D40E59700A9CB3F /* NSURLConnectionDelegateDownload.m in Sources */,
				1ED0AF241D40E63100A9CB3F /* NSURLSessionDelegateDownload.m in Sources */,
				1EEF67CA1D463CCD00A64CE2 /* AFNetworkingUpload.m in Sources */,
				1ED0AF1A1D40E5C000A9CB3F /* NSURLConnectionDownload.m in Sources */,
				1E9E1F7F1D420DDD0038E837 /* NSURLConnectionUpload.m in Sources */,
				1ED0AF291D40E64600A9CB3F /* AFNetworkingDownload.m in Sources */,
				1E7A24C71D3DDDB000EAE392 /* ViewController.m in Sources */,
				1E7A24C41D3DDDB000EAE392 /* AppDelegate.m in Sources */,
				1E9725DF1D75845C0082BD9B /* NSURLSessionUpload.m in Sources */,
				1E9E1F831D420DFE0038E837 /* QYCreateUploadRequest.m in Sources */,
				1ED0AF1F1D40E61E00A9CB3F /* NSURLSessionDownload.m in Sources */,
				1E7A24C11D3DDDB000EAE392 /* main.m in Sources */,
			);
			runOnlyForDeploymentPostprocessing = 0;
		};
/* End PBXSourcesBuildPhase section */

/* Begin PBXVariantGroup section */
		1E7A24C81D3DDDB000EAE392 /* Main.storyboard */ = {
			isa = PBXVariantGroup;
			children = (
				1E7A24C91D3DDDB000EAE392 /* Base */,
			);
			name = Main.storyboard;
			sourceTree = "<group>";
		};
		1E7A24CD1D3DDDB000EAE392 /* LaunchScreen.storyboard */ = {
			isa = PBXVariantGroup;
			children = (
				1E7A24CE1D3DDDB000EAE392 /* Base */,
			);
			name = LaunchScreen.storyboard;
			sourceTree = "<group>";
		};
/* End PBXVariantGroup section */

/* Begin XCBuildConfiguration section */
		1E7A24D11D3DDDB000EAE392 /* Debug */ = {
			isa = XCBuildConfiguration;
			buildSettings = {
				ALWAYS_SEARCH_USER_PATHS = NO;
				CLANG_ANALYZER_NONNULL = YES;
				CLANG_CXX_LANGUAGE_STANDARD = "gnu++0x";
				CLANG_CXX_LIBRARY = "libc++";
				CLANG_ENABLE_MODULES = YES;
				CLANG_ENABLE_OBJC_ARC = YES;
				CLANG_WARN_BOOL_CONVERSION = YES;
				CLANG_WARN_CONSTANT_CONVERSION = YES;
				CLANG_WARN_DIRECT_OBJC_ISA_USAGE = YES_ERROR;
				CLANG_WARN_EMPTY_BODY = YES;
				CLANG_WARN_ENUM_CONVERSION = YES;
				CLANG_WARN_INT_CONVERSION = YES;
				CLANG_WARN_OBJC_ROOT_CLASS = YES_ERROR;
				CLANG_WARN_UNREACHABLE_CODE = YES;
				CLANG_WARN__DUPLICATE_METHOD_MATCH = YES;
				"CODE_SIGN_IDENTITY[sdk=iphoneos*]" = "iPhone Developer";
				COPY_PHASE_STRIP = NO;
				DEBUG_INFORMATION_FORMAT = dwarf;
				ENABLE_STRICT_OBJC_MSGSEND = YES;
				ENABLE_TESTABILITY = YES;
				GCC_C_LANGUAGE_STANDARD = gnu99;
				GCC_DYNAMIC_NO_PIC = NO;
				GCC_NO_COMMON_BLOCKS = YES;
				GCC_OPTIMIZATION_LEVEL = 0;
				GCC_PREPROCESSOR_DEFINITIONS = (
					"DEBUG=1",
					"$(inherited)",
				);
				GCC_WARN_64_TO_32_BIT_CONVERSION = YES;
				GCC_WARN_ABOUT_RETURN_TYPE = YES_ERROR;
				GCC_WARN_UNDECLARED_SELECTOR = YES;
				GCC_WARN_UNINITIALIZED_AUTOS = YES_AGGRESSIVE;
				GCC_WARN_UNUSED_FUNCTION = YES;
				GCC_WARN_UNUSED_VARIABLE = YES;
				IPHONEOS_DEPLOYMENT_TARGET = 9.3;
				MTL_ENABLE_DEBUG_INFO = YES;
				ONLY_ACTIVE_ARCH = YES;
				SDKROOT = iphoneos;
				TARGETED_DEVICE_FAMILY = "1,2";
			};
			name = Debug;
		};
		1E7A24D21D3DDDB000EAE392 /* Release */ = {
			isa = XCBuildConfiguration;
			buildSettings = {
				ALWAYS_SEARCH_USER_PATHS = NO;
				CLANG_ANALYZER_NONNULL = YES;
				CLANG_CXX_LANGUAGE_STANDARD = "gnu++0x";
				CLANG_CXX_LIBRARY = "libc++";
				CLANG_ENABLE_MODULES = YES;
				CLANG_ENABLE_OBJC_ARC = YES;
				CLANG_WARN_BOOL_CONVERSION = YES;
				CLANG_WARN_CONSTANT_CONVERSION = YES;
				CLANG_WARN_DIRECT_OBJC_ISA_USAGE = YES_ERROR;
				CLANG_WARN_EMPTY_BODY = YES;
				CLANG_WARN_ENUM_CONVERSION = YES;
				CLANG_WARN_INT_CONVERSION = YES;
				CLANG_WARN_OBJC_ROOT_CLASS = YES_ERROR;
				CLANG_WARN_UNREACHABLE_CODE = YES;
				CLANG_WARN__DUPLICATE_METHOD_MATCH = YES;
				"CODE_SIGN_IDENTITY[sdk=iphoneos*]" = "iPhone Developer";
				COPY_PHASE_STRIP = NO;
				DEBUG_INFORMATION_FORMAT = "dwarf-with-dsym";
				ENABLE_NS_ASSERTIONS = NO;
				ENABLE_STRICT_OBJC_MSGSEND = YES;
				GCC_C_LANGUAGE_STANDARD = gnu99;
				GCC_NO_COMMON_BLOCKS = YES;
				GCC_WARN_64_TO_32_BIT_CONVERSION = YES;
				GCC_WARN_ABOUT_RETURN_TYPE = YES_ERROR;
				GCC_WARN_UNDECLARED_SELECTOR = YES;
				GCC_WARN_UNINITIALIZED_AUTOS = YES_AGGRESSIVE;
				GCC_WARN_UNUSED_FUNCTION = YES;
				GCC_WARN_UNUSED_VARIABLE = YES;
				IPHONEOS_DEPLOYMENT_TARGET = 9.3;
				MTL_ENABLE_DEBUG_INFO = NO;
				SDKROOT = iphoneos;
				TARGETED_DEVICE_FAMILY = "1,2";
				VALIDATE_PRODUCT = YES;
			};
			name = Release;
		};
		1E7A24D41D3DDDB000EAE392 /* Debug */ = {
			isa = XCBuildConfiguration;
			baseConfigurationReference = D9D619A8D13FE75A7C1A71BE /* Pods-QYAsynDownloadDemo.debug.xcconfig */;
			buildSettings = {
				ASSETCATALOG_COMPILER_APPICON_NAME = AppIcon;
				GCC_PREFIX_HEADER = QYAsynDownloadDemo/QYAsynDownloadDemo.pch;
				INFOPLIST_FILE = QYAsynDownloadDemo/Info.plist;
				IPHONEOS_DEPLOYMENT_TARGET = 7.0;
				LD_RUNPATH_SEARCH_PATHS = "$(inherited) @executable_path/Frameworks";
				PRODUCT_BUNDLE_IDENTIFIER = com.qianye.QYAsynDownloadDemo;
				PRODUCT_NAME = "$(TARGET_NAME)";
			};
			name = Debug;
		};
		1E7A24D51D3DDDB000EAE392 /* Release */ = {
			isa = XCBuildConfiguration;
			baseConfigurationReference = 17C5B8CEEBC2A81AA2BB8CDF /* Pods-QYAsynDownloadDemo.release.xcconfig */;
			buildSettings = {
				ASSETCATALOG_COMPILER_APPICON_NAME = AppIcon;
				GCC_PREFIX_HEADER = QYAsynDownloadDemo/QYAsynDownloadDemo.pch;
				INFOPLIST_FILE = QYAsynDownloadDemo/Info.plist;
				IPHONEOS_DEPLOYMENT_TARGET = 7.0;
				LD_RUNPATH_SEARCH_PATHS = "$(inherited) @executable_path/Frameworks";
				PRODUCT_BUNDLE_IDENTIFIER = com.qianye.QYAsynDownloadDemo;
				PRODUCT_NAME = "$(TARGET_NAME)";
			};
			name = Release;
		};
/* End XCBuildConfiguration section */

/* Begin XCConfigurationList section */
		1E7A24B71D3DDDB000EAE392 /* Build configuration list for PBXProject "QYAsynDownloadDemo" */ = {
			isa = XCConfigurationList;
			buildConfigurations = (
				1E7A24D11D3DDDB000EAE392 /* Debug */,
				1E7A24D21D3DDDB000EAE392 /* Release */,
			);
			defaultConfigurationIsVisible = 0;
			defaultConfigurationName = Release;
		};
		1E7A24D31D3DDDB000EAE392 /* Build configuration list for PBXNativeTarget "QYAsynDownloadDemo" */ = {
			isa = XCConfigurationList;
			buildConfigurations = (
				1E7A24D41D3DDDB000EAE392 /* Debug */,
				1E7A24D51D3DDDB000EAE392 /* Release */,
			);
			defaultConfigurationIsVisible = 0;
			defaultConfigurationName = Release;
		};
/* End XCConfigurationList section */
	};
	rootObject = 1E7A24B41D3DDDB000EAE392 /* Project object */;
}
